id: m2k_digital_sink
label: M2K Digital Sink
category: '[ADALM2000]'
flags: [python, throttle]

parameters:
-   id: uri
    label: M2K address
    dtype: string
    default: ip:192.168.2.1

-   id: num_lines
    label: Number of pins
    dtype: enum
    default: '1'
    options: ['1', '2', '3', '4', '5', '6', '7', '8', '9', '10', '11', '12',
              '13', '14', '15', '16']
    option_labels: ['1 pin', '2 pins', '3 pins', '4 pins', '5 pins', '6 pins',
                    '7 pins', '8 pins', '9 pins', '10 pins', '11 pins',
                    '12 pins', '13 pins', '14 pins', '15 pins', '16 pins']

-   id: pin0
    label: Pin 1
    dtype: enum
    default: '0'
    options: ['0', '1', '2', '3', '4', '5', '6', '7', '8', '9', '10', '11',
              '12', '13', '14', '15']
    option_labels: ['DIO0', 'DIO1', 'DIO2', 'DIO3', 'DIO4', 'DIO5', 'DIO6',
                    'DIO7', 'DIO8', 'DIO9', 'DIO10', 'DIO11', 'DIO12', 'DIO13',
                    'DIO14', 'DIO15']
    hide: ${ 'none' if int(num_lines) > 0 else 'all' }

-   id: name0
    label: Pin 1 Label
    dtype: string
    default: ''
    hide: ${ 'none' if int(num_lines) > 0 else 'all' }

-   id: pin1
    label: Pin 2
    dtype: enum
    default: '1'
    options: ['0', '1', '2', '3', '4', '5', '6', '7', '8', '9', '10', '11',
              '12', '13', '14', '15']
    option_labels: ['DIO0', 'DIO1', 'DIO2', 'DIO3', 'DIO4', 'DIO5', 'DIO6',
                    'DIO7', 'DIO8', 'DIO9', 'DIO10', 'DIO11', 'DIO12', 'DIO13',
                    'DIO14', 'DIO15']
    hide: ${ 'none' if int(num_lines) > 1 else 'all' }

-   id: name1
    label: Pin 2 Label
    dtype: string
    default: ''
    hide: ${ 'none' if int(num_lines) > 1 else 'all' }

-   id: pin2
    label: Pin 3
    dtype: enum
    default: '2'
    options: ['0', '1', '2', '3', '4', '5', '6', '7', '8', '9', '10', '11',
              '12', '13', '14', '15']
    option_labels: ['DIO0', 'DIO1', 'DIO2', 'DIO3', 'DIO4', 'DIO5', 'DIO6',
                    'DIO7', 'DIO8', 'DIO9', 'DIO10', 'DIO11', 'DIO12', 'DIO13',
                    'DIO14', 'DIO15']
    hide: ${ 'none' if int(num_lines) > 2 else 'all' }

-   id: name2
    label: Pin 3 Label
    dtype: string
    default: ''
    hide: ${ 'none' if int(num_lines) > 2 else 'all' }

-   id: pin3
    label: Pin 4
    dtype: enum
    default: '3'
    options: ['0', '1', '2', '3', '4', '5', '6', '7', '8', '9', '10', '11',
              '12', '13', '14', '15']
    option_labels: ['DIO0', 'DIO1', 'DIO2', 'DIO3', 'DIO4', 'DIO5', 'DIO6',
                    'DIO7', 'DIO8', 'DIO9', 'DIO10', 'DIO11', 'DIO12', 'DIO13',
                    'DIO14', 'DIO15']
    hide: ${ 'none' if int(num_lines) > 3 else 'all' }

-   id: name3
    label: Pin 4 Label
    dtype: string
    default: ''
    hide: ${ 'none' if int(num_lines) > 3 else 'all' }

-   id: pin4
    label: Pin 5
    dtype: enum
    default: '4'
    options: ['0', '1', '2', '3', '4', '5', '6', '7', '8', '9', '10', '11',
              '12', '13', '14', '15']
    option_labels: ['DIO0', 'DIO1', 'DIO2', 'DIO3', 'DIO4', 'DIO5', 'DIO6',
                    'DIO7', 'DIO8', 'DIO9', 'DIO10', 'DIO11', 'DIO12', 'DIO13',
                    'DIO14', 'DIO15']
    hide: ${ 'none' if int(num_lines) > 4 else 'all' }

-   id: name4
    label: Pin 5 Label
    dtype: string
    default: ''
    hide: ${ 'none' if int(num_lines) > 4 else 'all' }

-   id: pin5
    label: Pin 6
    dtype: enum
    default: '5'
    options: ['0', '1', '2', '3', '4', '5', '6', '7', '8', '9', '10', '11',
              '12', '13', '14', '15']
    option_labels: ['DIO0', 'DIO1', 'DIO2', 'DIO3', 'DIO4', 'DIO5', 'DIO6',
                    'DIO7', 'DIO8', 'DIO9', 'DIO10', 'DIO11', 'DIO12', 'DIO13',
                    'DIO14', 'DIO15']
    hide: ${ 'none' if int(num_lines) > 5 else 'all' }

-   id: name5
    label: Pin 6 Label
    dtype: string
    default: ''
    hide: ${ 'none' if int(num_lines) > 5 else 'all' }

-   id: pin6
    label: Pin 7
    dtype: enum
    default: '6'
    options: ['0', '1', '2', '3', '4', '5', '6', '7', '8', '9', '10', '11',
              '12', '13', '14', '15']
    option_labels: ['DIO0', 'DIO1', 'DIO2', 'DIO3', 'DIO4', 'DIO5', 'DIO6',
                    'DIO7', 'DIO8', 'DIO9', 'DIO10', 'DIO11', 'DIO12', 'DIO13',
                    'DIO14', 'DIO15']
    hide: ${ 'none' if int(num_lines) > 6 else 'all' }

-   id: name6
    label: Pin 7 Label
    dtype: string
    default: ''
    hide: ${ 'none' if int(num_lines) > 6 else 'all' }

-   id: pin7
    label: Pin 8
    dtype: enum
    default: '7'
    options: ['0', '1', '2', '3', '4', '5', '6', '7', '8', '9', '10', '11',
              '12', '13', '14', '15']
    option_labels: ['DIO0', 'DIO1', 'DIO2', 'DIO3', 'DIO4', 'DIO5', 'DIO6',
                    'DIO7', 'DIO8', 'DIO9', 'DIO10', 'DIO11', 'DIO12', 'DIO13',
                    'DIO14', 'DIO15']
    hide: ${ 'none' if int(num_lines) > 7 else 'all' }

-   id: name7
    label: Pin 8 Label
    dtype: string
    default: ''
    hide: ${ 'none' if int(num_lines) > 7 else 'all' }

-   id: pin8
    label: Pin 9
    dtype: enum
    default: '8'
    options: ['0', '1', '2', '3', '4', '5', '6', '7', '8', '9', '10', '11',
              '12', '13', '14', '15']
    option_labels: ['DIO0', 'DIO1', 'DIO2', 'DIO3', 'DIO4', 'DIO5', 'DIO6',
                    'DIO7', 'DIO8', 'DIO9', 'DIO10', 'DIO11', 'DIO12', 'DIO13',
                    'DIO14', 'DIO15']
    hide: ${ 'none' if int(num_lines) > 8 else 'all' }

-   id: name8
    label: Pin 9 Label
    dtype: string
    default: ''
    hide: ${ 'none' if int(num_lines) > 8 else 'all' }

-   id: pin9
    label: Pin 10
    dtype: enum
    default: '9'
    options: ['0', '1', '2', '3', '4', '5', '6', '7', '8', '9', '10', '11',
              '12', '13', '14', '15']
    option_labels: ['DIO0', 'DIO1', 'DIO2', 'DIO3', 'DIO4', 'DIO5', 'DIO6',
                    'DIO7', 'DIO8', 'DIO9', 'DIO10', 'DIO11', 'DIO12', 'DIO13',
                    'DIO14', 'DIO15']
    hide: ${ 'none' if int(num_lines) > 9 else 'all' }

-   id: name9
    label: Pin 10 Label
    dtype: string
    default: ''
    hide: ${ 'none' if int(num_lines) > 9 else 'all' }

-   id: pin10
    label: Pin 11
    dtype: enum
    default: '10'
    options: ['0', '1', '2', '3', '4', '5', '6', '7', '8', '9', '10', '11',
              '12', '13', '14', '15']
    option_labels: ['DIO0', 'DIO1', 'DIO2', 'DIO3', 'DIO4', 'DIO5', 'DIO6',
                    'DIO7', 'DIO8', 'DIO9', 'DIO10', 'DIO11', 'DIO12', 'DIO13',
                    'DIO14', 'DIO15']
    hide: ${ 'none' if int(num_lines) > 10 else 'all' }

-   id: name10
    label: Pin 11 Label
    dtype: string
    default: ''
    hide: ${ 'none' if int(num_lines) > 10 else 'all' }

-   id: pin11
    label: Pin 12
    dtype: enum
    default: '11'
    options: ['0', '1', '2', '3', '4', '5', '6', '7', '8', '9', '10', '11',
              '12', '13', '14', '15']
    option_labels: ['DIO0', 'DIO1', 'DIO2', 'DIO3', 'DIO4', 'DIO5', 'DIO6',
                    'DIO7', 'DIO8', 'DIO9', 'DIO10', 'DIO11', 'DIO12', 'DIO13',
                    'DIO14', 'DIO15']
    hide: ${ 'none' if int(num_lines) > 11 else 'all' }

-   id: name11
    label: Pin 12 Label
    dtype: string
    default: ''
    hide: ${ 'none' if int(num_lines) > 11 else 'all' }

-   id: pin12
    label: Pin 13
    dtype: enum
    default: '12'
    options: ['0', '1', '2', '3', '4', '5', '6', '7', '8', '9', '10', '11',
              '12', '13', '14', '15']
    option_labels: ['DIO0', 'DIO1', 'DIO2', 'DIO3', 'DIO4', 'DIO5', 'DIO6',
                    'DIO7', 'DIO8', 'DIO9', 'DIO10', 'DIO11', 'DIO12', 'DIO13',
                    'DIO14', 'DIO15']
    hide: ${ 'none' if int(num_lines) > 12 else 'all' }

-   id: name12
    label: Pin 13 Label
    dtype: string
    default: ''
    hide: ${ 'none' if int(num_lines) > 12 else 'all' }

-   id: pin13
    label: Pin 14
    dtype: enum
    default: '13'
    options: ['0', '1', '2', '3', '4', '5', '6', '7', '8', '9', '10', '11',
              '12', '13', '14', '15']
    option_labels: ['DIO0', 'DIO1', 'DIO2', 'DIO3', 'DIO4', 'DIO5', 'DIO6',
                    'DIO7', 'DIO8', 'DIO9', 'DIO10', 'DIO11', 'DIO12', 'DIO13',
                    'DIO14', 'DIO15']
    hide: ${ 'none' if int(num_lines) > 13 else 'all' }

-   id: name13
    label: Pin 14 Label
    dtype: string
    default: ''
    hide: ${ 'none' if int(num_lines) > 13 else 'all' }

-   id: pin14
    label: Pin 15
    dtype: enum
    default: '14'
    options: ['0', '1', '2', '3', '4', '5', '6', '7', '8', '9', '10', '11',
              '12', '13', '14', '15']
    option_labels: ['DIO0', 'DIO1', 'DIO2', 'DIO3', 'DIO4', 'DIO5', 'DIO6',
                    'DIO7', 'DIO8', 'DIO9', 'DIO10', 'DIO11', 'DIO12', 'DIO13',
                    'DIO14', 'DIO15']
    hide: ${ 'none' if int(num_lines) > 14 else 'all' }

-   id: name14
    label: Pin 15 Label
    dtype: string
    default: ''
    hide: ${ 'none' if int(num_lines) > 14 else 'all' }

-   id: pin15
    label: Pin 16
    dtype: enum
    default: '15'
    options: ['0', '1', '2', '3', '4', '5', '6', '7', '8', '9', '10', '11',
              '12', '13', '14', '15']
    option_labels: ['DIO0', 'DIO1', 'DIO2', 'DIO3', 'DIO4', 'DIO5', 'DIO6',
                    'DIO7', 'DIO8', 'DIO9', 'DIO10', 'DIO11', 'DIO12', 'DIO13',
                    'DIO14', 'DIO15']
    hide: ${ 'none' if int(num_lines) > 15 else 'all' }

-   id: name15
    label: Pin 16 Label
    dtype: string
    default: ''
    hide: ${ 'none' if int(num_lines) > 15 else 'all' }

-   id: sample_rate
    label: Sample rate
    dtype: enum
    default: '1000000'
    options: ['100000000', '10000000', '1000000', '100000', '10000', '1000']
    option_labels: ['100 MS/s', '10 MS/s', '1 MS/s', '100 kS/s', '10 kS/s',
                    '1 kS/s']

-   id: buffer_size
    label: Samples per buffer
    dtype: int
    default: '16384'

-   id: drive
    label: Pin drive
    dtype: enum
    default: "'push-pull'"
    options: ["'push-pull'", "'open-drain'"]
    option_labels: ['Push-pull', 'Open-drain']

-   id: idle_level
    label: Level when stopped
    dtype: enum
    default: "'low'"
    options: ["'low'", "'high'", "'leave'"]
    option_labels: ['Low', 'High', 'Leave as found']

-   id: cyclic
    label: When the buffer ends
    dtype: enum
    default: 'False'
    options: ['False', 'True']
    option_labels: ['Play once', 'Repeat forever']

inputs:
-   domain: stream
    dtype: short
    label: pin
    multiplicity: ${ int(num_lines) }

asserts:
- ${ buffer_size > 0 }
- ${ len(set([pin0, pin1, pin2, pin3, pin4, pin5, pin6, pin7, pin8, pin9, pin10, pin11, pin12, pin13, pin14, pin15][:int(num_lines)])) == int(num_lines) }

templates:
    imports: from m2k_blocks.digital import digital_sink
    make: |-
        digital_sink(
            uri=${uri},
            pins=[${ ", ".join(str(int(p)) for p in [pin0, pin1, pin2, pin3, pin4, pin5, pin6, pin7, pin8, pin9, pin10, pin11, pin12, pin13, pin14, pin15][:int(num_lines)]) }],
            names=[${ ", ".join(str(n) for n in [name0, name1, name2, name3, name4, name5, name6, name7, name8, name9, name10, name11, name12, name13, name14, name15][:int(num_lines)]) }],
            sample_rate=${sample_rate}, buffer_size=${buffer_size},
            drive=${drive}, cyclic=${cyclic},
            idle_level=${idle_level})

documentation: |-
    Drive the M2K's digital pins. One input port per pin, in the order
    you list them.

    Each port carries one bit per sample, in a short: send 0 or 1, not a
    packed 16-bit word. Anything non-zero counts as a one, so a stream of
    counts will not quietly truncate.

    Only one of these per flowgraph. All sixteen pins share a single
    16-bit output word and a single DMA buffer, so two sinks would fight
    over both. Drive every pin you need from one block.

    This block does not use gr-iio's device_sink, which can drive exactly
    one pin -- with no error when you ask it for more. It packs the
    output word itself instead. `docs/gr-iio-multipin-sink.md` has the
    evidence if you want it.

    That packing is Python, once per buffer. At 1 MS/s with a 16384
    sample buffer that is 61 pushes a second and comfortable; 100 MS/s
    would be 6100 and will not keep up. High rates want a large buffer
    and, if it still stumbles, fewer lines.

    Number of pins
      How many pins this block drives, and therefore how many ports it has.
      Choosing a count reveals that many pin dropdowns.

    Pin N
      Which DIO pin that port is. Any pin, in any order -- the pins need
      not be next to each other, and they need not ascend. Pin 1 is the
      first port whichever DIO you point it at, so a bus wired across
      DIO3, DIO7 and DIO1 because that is where the jumpers reached is
      spelled exactly that way.

      No DIO twice, and none shared with the other digital block: a pin
      is an input or an output, never both. Where two blocks claim the
      same pin, whichever starts last wins and the other silently
      drives nothing.

      The ports are numbered from zero, so Pin 1 is the port drawn
      `pin0`. GNU Radio Companion numbers cloned ports itself and will
      not take a template for it.

    Pin N Label
      Optional, and changes nothing about what the block does. A labelled
      pin reports itself as `MOSI (DIO7)` instead of `DIO7` when
      something is wrong, which is the difference between a wiring
      mistake you can see and one you have to go and look up.

      The label does not appear on the ports -- GNU Radio Companion draws
      port labels from the block description, not from a parameter, so
      they stay pin0, pin1, pin2. Downstream protocol blocks are where
      names show on the canvas: the SPI decoder's ports really are
      called sclk, mosi and cs, because for SPI those never change.

    This block knows nothing about protocols. Three pins are three pins,
    whether they are a clock, data and select or a latch strobe beside a
    data bus. What the pins mean is the business of whatever block reads
    them next.

    Pin drive
      Push-pull drives both high and low. Open-drain only pulls low and
      needs a pull-up resistor, which is what a shared bus wants.

    Level when stopped
      An output pin has two sources of truth. The samples arriving here
      drive it while the flowgraph runs, and a separate register drives it
      the rest of the time -- so the pin snaps to this level the moment
      you hit stop, and holds it until you start again. Note that this is
      the opposite of the analog generator, which keeps playing its last
      cyclic buffer with the flowgraph stopped.

      This is also how you set a pin and leave it: a level here with the
      flowgraph never started is a static output, which is what Scopy
      calls Digital IO.

      "Leave as found" writes nothing, and the resting level is then
      whatever the last program to touch the board happened to set.

    Unlike the scope and the generator, the digital side publishes no list
    of legal sample rates. The rates offered here are the decade divisions
    of the same 100 MS/s clock, and all six are confirmed on the bench --
    timed against the scope, not read back.

file_format: 1
