id: m2k_digital_sink
label: M2K Digital Sink
category: '[ADALM2000]'
flags: [python, throttle]

parameters:
-   id: uri
    label: M2K address
    dtype: string
    default: ip:192.168.2.1

-   id: first_pin
    label: First pin
    dtype: enum
    default: '0'
    options: ['0', '1', '2', '3', '4', '5', '6', '7',
              '8', '9', '10', '11', '12', '13', '14', '15']
    option_labels: ['DIO0', 'DIO1', 'DIO2', 'DIO3', 'DIO4', 'DIO5', 'DIO6',
                    'DIO7', 'DIO8', 'DIO9', 'DIO10', 'DIO11', 'DIO12',
                    'DIO13', 'DIO14', 'DIO15']

-   id: pin_count
    label: Pins to drive
    dtype: enum
    default: '1'
    options: ['1', '2', '4', '8', '16']
    option_labels: ['1 pin', '2 pins', '4 pins', '8 pins', '16 pins']

-   id: sample_rate
    label: Sample rate
    dtype: enum
    default: '1000000'
    options: ['100000000', '10000000', '1000000', '100000', '10000', '1000']
    option_labels: ['100 MS/s', '10 MS/s', '1 MS/s', '100 kS/s', '10 kS/s',
                    '1 kS/s']

-   id: buffer_size
    label: Samples per buffer
    dtype: int
    default: '16384'

-   id: drive
    label: Pin drive
    dtype: enum
    default: "'push-pull'"
    options: ["'push-pull'", "'open-drain'"]
    option_labels: ['Push-pull', 'Open-drain']

-   id: cyclic
    label: When the buffer ends
    dtype: enum
    default: 'False'
    options: ['False', 'True']
    option_labels: ['Play once', 'Repeat forever']

inputs:
-   domain: stream
    dtype: short
    multiplicity: ${ pin_count }

asserts:
- ${ buffer_size > 0 }
- ${ first_pin + pin_count <= 16 }

templates:
    imports: from m2k_blocks.digital import digital_sink
    make: |-
        digital_sink(
            uri=${uri}, pin_count=${pin_count}, sample_rate=${sample_rate},
            buffer_size=${buffer_size}, drive=${drive}, cyclic=${cyclic},
            first_pin=${first_pin})

documentation: |-
    Drive the M2K's digital pins. One input port per pin, counting up from
    the first pin you choose.

    Each port carries one bit per sample, in a short: send 0 or 1, not a
    packed 16-bit word. That is gr-iio's model rather than a choice made
    here -- every DIO pin is its own IIO channel with a one-bit scan
    element.

    A pin is an input or an output, never both. This block sets the pins
    it drives to outputs, so give a Digital Source in the same flowgraph a
    range that does not overlap -- this block at DIO0 and a source at DIO1
    share no pin. Where the ranges do overlap, whichever block starts last
    wins and the other one drives nothing.

    Pin drive
      Push-pull drives both high and low. Open-drain only pulls low and
      needs a pull-up resistor, which is what a shared bus wants.

    Unlike the scope and the generator, the digital side publishes no list
    of legal sample rates. The rates offered here are the decade divisions
    of the same 100 MS/s clock and are the obvious candidates, but the
    hardware has not confirmed them. If one is refused, gr-iio logs it and
    carries on at whatever rate was already set -- so check the rate is
    what you asked for before trusting a timing measurement.

file_format: 1
